<?xml version="1.0" encoding="utf-8"?>
<Project ToolsVersion="15.0" xmlns="http://schemas.microsoft.com/developer/msbuild/2003">
  <ItemGroup>
    <ClCompile Include="..\src\libqhull_r\qset_r.c">
      <Filter>Source Files</Filter>
    </ClCompile>
    <ClCompile Include="..\src\libqhull_r\mem_r.c">
      <Filter>Source Files</Filter>
    </ClCompile>
    <ClCompile Include="..\src\libqhull_r\usermem_r.c">
      <Filter>Source Files</Filter>
    </ClCompile>
    <ClCompile Include="..\src\testqset_r\testqset_r.c">
      <Filter>Source Files</Filter>
    </ClCompile>
  </ItemGroup>
  <ItemGroup>
    <ClInclude Include="..\src\libqhull_r\mem_r.h">
      <Filter>Header Files</Filter>
    </ClInclude>
    <ClInclude Include="..\src\libqhull_r\qset_r.h">
      <Filter>Header Files</Filter>
    </ClInclude>
  </ItemGroup>
  <ItemGroup>
    <Filter Include="Header Files">
      <UniqueIdentifier>{1D280AD6-EC24-3529-A3E1-2300F579FD29}</UniqueIdentifier>
    </Filter>
    <Filter Include="Source Files">
      <UniqueIdentifier>{8B80B821-4377-3D47-82F5-1B34A8A51466}</UniqueIdentifier>
    </Filter>
  </ItemGroup>
</Project>